{
    "_readme": [
        "This file locks the dependencies of your project to a known state",
        "Read more about it at https://getcomposer.org/doc/01-basic-usage.md#composer-lock-the-lock-file",
        "This file is @generated automatically"
    ],
    "hash": "950f5162622ebf16e7829c16f957f13b",
    "content-hash": "f1709faf09f81e04ccf71d856b0899c9",
    "packages": [
        {
            "name": "aura/di",
            "version": "2.2.4",
            "source": {
                "type": "git",
                "url": "https://github.com/auraphp/Aura.Di.git",
                "reference": "81d5d9c602ca292a16e32001dcbd2adab5350e28"
            },
            "dist": {
                "type": "zip",
                "url": "https://api.github.com/repos/auraphp/Aura.Di/zipball/81d5d9c602ca292a16e32001dcbd2adab5350e28",
                "reference": "81d5d9c602ca292a16e32001dcbd2adab5350e28",
                "shasum": ""
            },
            "require": {
                "php": ">=5.3.0"
            },
            "type": "library",
            "extra": {
                "aura": {
                    "type": "library"
                }
            },
            "autoload": {
                "psr-4": {
                    "Aura\\Di\\": "src/"
                }
            },
            "notification-url": "https://packagist.org/downloads/",
            "license": [
                "BSD-2-Clause"
            ],
            "authors": [
                {
                    "name": "Aura.Di Contributors",
                    "homepage": "https://github.com/auraphp/Aura.Di/contributors"
                }
            ],
            "description": "Provides a dependency injection container system with native support for constructor- and setter-based injection, lazy-loading of services, and inheritable configuration of setters and constructor params.",
            "homepage": "https://github.com/auraphp/Aura.Di",
            "keywords": [
                "container",
                "dependency injection",
                "dependency injection container",
                "di",
                "di container"
            ],
            "time": "2016-01-21 09:34:53"
        },
        {
            "name": "aura/html",
            "version": "2.4.1",
            "source": {
                "type": "git",
                "url": "https://github.com/auraphp/Aura.Html.git",
                "reference": "7f575f35765af41091b85b23a92b168ae0c5765f"
            },
            "dist": {
                "type": "zip",
                "url": "https://api.github.com/repos/auraphp/Aura.Html/zipball/7f575f35765af41091b85b23a92b168ae0c5765f",
                "reference": "7f575f35765af41091b85b23a92b168ae0c5765f",
                "shasum": ""
            },
            "require": {
                "php": ">=5.3.0"
            },
            "require-dev": {
                "aura/di": "~2.0"
            },
            "type": "library",
            "extra": {
                "aura": {
                    "type": "library",
                    "config": {
                        "common": "Aura\\Html\\_Config\\Common"
                    }
                },
                "branch-alias": {
                    "dev-develop-2": "2.1.x-dev"
                }
            },
            "autoload": {
                "psr-4": {
                    "Aura\\Html\\": "src/",
                    "Aura\\Html\\_Config\\": "config/"
                }
            },
            "notification-url": "https://packagist.org/downloads/",
            "license": [
                "BSD-2-Clause"
            ],
            "authors": [
                {
                    "name": "Aura.Html Contributors",
                    "homepage": "https://github.com/auraphp/Aura.Html/contributors"
                }
            ],
            "description": "Provides HTML escapers and helpers, including form input helpers.",
            "homepage": "https://github.com/auraphp/Aura.Html",
            "keywords": [
                "Escape",
                "escaper",
                "escapers",
                "escaping",
                "form",
                "helper",
                "helpers",
                "html",
                "input"
            ],
            "time": "2015-03-27 17:31:31"
        },
        {
            "name": "aura/view",
            "version": "2.2.1",
            "source": {
                "type": "git",
                "url": "https://github.com/auraphp/Aura.View.git",
                "reference": "57296d7357fd34412436ce4028cfd3ce3e08f049"
            },
            "dist": {
                "type": "zip",
                "url": "https://api.github.com/repos/auraphp/Aura.View/zipball/57296d7357fd34412436ce4028cfd3ce3e08f049",
                "reference": "57296d7357fd34412436ce4028cfd3ce3e08f049",
                "shasum": ""
            },
            "require": {
                "php": ">=5.4.0"
            },
            "require-dev": {
                "aura/di": "~2.0"
            },
            "type": "library",
            "extra": {
                "aura": {
                    "type": "library",
                    "config": {
                        "common": "Aura\\View\\_Config\\Common"
                    }
                }
            },
            "autoload": {
                "psr-4": {
                    "Aura\\View\\": "src/",
                    "Aura\\View\\_Config\\": "config/"
                }
            },
            "notification-url": "https://packagist.org/downloads/",
            "license": [
                "BSD-2-Clause"
            ],
            "authors": [
                {
                    "name": "Aura.View Contributors",
                    "homepage": "https://github.com/auraphp/Aura.View/contributors"
                }
            ],
            "description": "Provides an implementation of the TemplateView and TwoStepView patterns, with support for helpers and for closures as templates, using PHP itself as the templating language.",
            "homepage": "https://github.com/auraphp/Aura.View",
            "keywords": [
                "Escape",
                "escaper",
                "escaping",
                "template",
                "template view",
                "two step view",
                "two-step view",
                "twostep view",
                "view"
            ],
            "time": "2016-08-17 17:42:35"
        },
        {
            "name": "foa/html-view-bundle",
            "version": "2.0.0",
            "source": {
                "type": "git",
                "url": "https://github.com/friendsofaura/FOA.Html_View_Bundle.git",
                "reference": "d6943933c1a1983594cd5d72b0f2131795479216"
            },
            "dist": {
                "type": "zip",
                "url": "https://api.github.com/repos/friendsofaura/FOA.Html_View_Bundle/zipball/d6943933c1a1983594cd5d72b0f2131795479216",
                "reference": "d6943933c1a1983594cd5d72b0f2131795479216",
                "shasum": ""
            },
            "require": {
                "aura/di": "~2.0",
                "aura/html": "~2.1",
                "aura/view": "~2.0"
            },
            "type": "library",
            "extra": {
                "aura": {
                    "type": "kernel",
                    "config": {
                        "common": "FOA\\Html_View_Bundle\\_Config\\Common"
                    }
                },
                "branch-alias": {
                    "dev-master": "2.0.x-dev"
                }
            },
            "autoload": {
                "psr-4": {
                    "FOA\\Html_View_Bundle\\_Config\\": "config/"
                }
            },
            "notification-url": "https://packagist.org/downloads/",
            "license": [
                "BSD-2-Clause"
            ],
            "authors": [
                {
                    "name": "Hari KT",
                    "email": "kthari85@gmail.com"
                }
            ],
            "description": "Integration of Aura.Html and Aura.View with Aura.Di",
            "keywords": [
                "di",
                "helper",
                "html",
                "view"
            ],
            "time": "2014-10-05 16:43:07"
        },
        {
            "name": "owasp/csrf-protector-php",
            "version": "dev-master",
            "source": {
                "type": "git",
                "url": "https://github.com/mebjas/CSRF-Protector-PHP.git",
                "reference": "c275a1af206c91a1289b34ff24faa0c706382092"
            },
            "dist": {
                "type": "zip",
                "url": "https://api.github.com/repos/mebjas/CSRF-Protector-PHP/zipball/c275a1af206c91a1289b34ff24faa0c706382092",
                "reference": "c275a1af206c91a1289b34ff24faa0c706382092",
                "shasum": ""
            },
            "require-dev": {
                "satooshi/php-coveralls": ">=0.6"
            },
            "type": "library",
            "autoload": {
                "classmap": [
                    "libs/csrf/"
                ]
            },
            "notification-url": "https://packagist.org/downloads/",
            "license": [
                "APACHE"
            ],
            "description": "CSRF protector php, a standalone php library for csrf mitigation in web applications. Easy to integrate in any php web app.",
            "homepage": "https://github.com/mebjas/CSRF-Protector-PHP",
            "keywords": [
                "csrf",
                "owasp",
                "security"
            ],
            "time": "2017-03-12 21:59:33"
        }
    ],
    "packages-dev": [
        {
            "name": "phplint/phplint",
            "version": "0.0.1",
            "source": {
                "type": "git",
                "url": "https://github.com/martinssipenko/phplint.git",
                "reference": "4eab3bd0abc8d5c03c6278b278df716e7e07c0e5"
            },
            "dist": {
                "type": "zip",
                "url": "https://api.github.com/repos/martinssipenko/phplint/zipball/4eab3bd0abc8d5c03c6278b278df716e7e07c0e5",
                "reference": "4eab3bd0abc8d5c03c6278b278df716e7e07c0e5",
                "shasum": ""
            },
            "require": {
                "php": ">=5.4",
                "symfony/console": "2.*",
                "symfony/finder": "2.*",
                "symfony/process": "2.*"
            },
            "bin": [
                "bin/phplint"
            ],
            "type": "library",
            "extra": {
                "branch-alias": {
                    "dev-master": "1.0-dev"
                }
            },
            "autoload": {
                "psr-4": {
                    "Phplint\\": "Phplint/"
                }
            },
            "notification-url": "https://packagist.org/downloads/",
            "license": [
                "MIT"
            ],
            "authors": [
                {
                    "name": "Martins Sipenko",
                    "email": "martins.sipenko@gmail.com"
                }
            ],
            "description": "phplint can speed upi your linting my running several processes asynchronously",
            "keywords": [
                "check",
                "lint",
                "phplint",
                "syntax"
            ],
            "time": "2014-09-25 16:04:45"
        },
        {
            "name": "psr/log",
            "version": "1.0.2",
            "source": {
                "type": "git",
                "url": "https://github.com/php-fig/log.git",
                "reference": "4ebe3a8bf773a19edfe0a84b6585ba3d401b724d"
            },
            "dist": {
                "type": "zip",
                "url": "https://api.github.com/repos/php-fig/log/zipball/4ebe3a8bf773a19edfe0a84b6585ba3d401b724d",
                "reference": "4ebe3a8bf773a19edfe0a84b6585ba3d401b724d",
                "shasum": ""
            },
            "require": {
                "php": ">=5.3.0"
            },
            "type": "library",
            "extra": {
                "branch-alias": {
                    "dev-master": "1.0.x-dev"
                }
            },
            "autoload": {
                "psr-4": {
                    "Psr\\Log\\": "Psr/Log/"
                }
            },
            "notification-url": "https://packagist.org/downloads/",
            "license": [
                "MIT"
            ],
            "authors": [
                {
                    "name": "PHP-FIG",
                    "homepage": "http://www.php-fig.org/"
                }
            ],
            "description": "Common interface for logging libraries",
            "homepage": "https://github.com/php-fig/log",
            "keywords": [
                "log",
                "psr",
                "psr-3"
            ],
            "time": "2016-10-10 12:19:37"
        },
        {
            "name": "symfony/console",
            "version": "v2.8.18",
            "source": {
                "type": "git",
                "url": "https://github.com/symfony/console.git",
                "reference": "81508e6fac4476771275a3f4f53c3fee9b956bfa"
            },
            "dist": {
                "type": "zip",
                "url": "https://api.github.com/repos/symfony/console/zipball/81508e6fac4476771275a3f4f53c3fee9b956bfa",
                "reference": "81508e6fac4476771275a3f4f53c3fee9b956bfa",
                "shasum": ""
            },
            "require": {
                "php": ">=5.3.9",
                "symfony/debug": "^2.7.2|~3.0.0",
                "symfony/polyfill-mbstring": "~1.0"
            },
            "require-dev": {
                "psr/log": "~1.0",
                "symfony/event-dispatcher": "~2.1|~3.0.0",
                "symfony/process": "~2.1|~3.0.0"
            },
            "suggest": {
                "psr/log": "For using the console logger",
                "symfony/event-dispatcher": "",
                "symfony/process": ""
            },
            "type": "library",
            "extra": {
                "branch-alias": {
                    "dev-master": "2.8-dev"
                }
            },
            "autoload": {
                "psr-4": {
                    "Symfony\\Component\\Console\\": ""
                },
                "exclude-from-classmap": [
                    "/Tests/"
                ]
            },
            "notification-url": "https://packagist.org/downloads/",
            "license": [
                "MIT"
            ],
            "authors": [
                {
                    "name": "Fabien Potencier",
                    "email": "fabien@symfony.com"
                },
                {
                    "name": "Symfony Community",
                    "homepage": "https://symfony.com/contributors"
                }
            ],
            "description": "Symfony Console Component",
            "homepage": "https://symfony.com",
            "time": "2017-03-04 11:00:12"
        },
        {
            "name": "symfony/debug",
            "version": "v3.0.9",
            "source": {
                "type": "git",
                "url": "https://github.com/symfony/debug.git",
                "reference": "697c527acd9ea1b2d3efac34d9806bf255278b0a"
            },
            "dist": {
                "type": "zip",
                "url": "https://api.github.com/repos/symfony/debug/zipball/697c527acd9ea1b2d3efac34d9806bf255278b0a",
                "reference": "697c527acd9ea1b2d3efac34d9806bf255278b0a",
                "shasum": ""
            },
            "require": {
                "php": ">=5.5.9",
                "psr/log": "~1.0"
            },
            "conflict": {
                "symfony/http-kernel": ">=2.3,<2.3.24|~2.4.0|>=2.5,<2.5.9|>=2.6,<2.6.2"
            },
            "require-dev": {
                "symfony/class-loader": "~2.8|~3.0",
                "symfony/http-kernel": "~2.8|~3.0"
            },
            "type": "library",
            "extra": {
                "branch-alias": {
                    "dev-master": "3.0-dev"
                }
            },
            "autoload": {
                "psr-4": {
                    "Symfony\\Component\\Debug\\": ""
                },
                "exclude-from-classmap": [
                    "/Tests/"
                ]
            },
            "notification-url": "https://packagist.org/downloads/",
            "license": [
                "MIT"
            ],
            "authors": [
                {
                    "name": "Fabien Potencier",
                    "email": "fabien@symfony.com"
                },
                {
                    "name": "Symfony Community",
                    "homepage": "https://symfony.com/contributors"
                }
            ],
            "description": "Symfony Debug Component",
            "homepage": "https://symfony.com",
            "time": "2016-07-30 07:22:48"
        },
        {
            "name": "symfony/finder",
            "version": "v2.8.18",
            "source": {
                "type": "git",
                "url": "https://github.com/symfony/finder.git",
                "reference": "5fc4b5cab38b9d28be318fcffd8066988e7d9451"
            },
            "dist": {
                "type": "zip",
                "url": "https://api.github.com/repos/symfony/finder/zipball/5fc4b5cab38b9d28be318fcffd8066988e7d9451",
                "reference": "5fc4b5cab38b9d28be318fcffd8066988e7d9451",
                "shasum": ""
            },
            "require": {
                "php": ">=5.3.9"
            },
            "type": "library",
            "extra": {
                "branch-alias": {
                    "dev-master": "2.8-dev"
                }
            },
            "autoload": {
                "psr-4": {
                    "Symfony\\Component\\Finder\\": ""
                },
                "exclude-from-classmap": [
                    "/Tests/"
                ]
            },
            "notification-url": "https://packagist.org/downloads/",
            "license": [
                "MIT"
            ],
            "authors": [
                {
                    "name": "Fabien Potencier",
                    "email": "fabien@symfony.com"
                },
                {
                    "name": "Symfony Community",
                    "homepage": "https://symfony.com/contributors"
                }
            ],
            "description": "Symfony Finder Component",
            "homepage": "https://symfony.com",
            "time": "2017-02-21 08:33:48"
        },
        {
            "name": "symfony/polyfill-mbstring",
            "version": "v1.3.0",
            "source": {
                "type": "git",
                "url": "https://github.com/symfony/polyfill-mbstring.git",
                "reference": "e79d363049d1c2128f133a2667e4f4190904f7f4"
            },
            "dist": {
                "type": "zip",
                "url": "https://api.github.com/repos/symfony/polyfill-mbstring/zipball/e79d363049d1c2128f133a2667e4f4190904f7f4",
                "reference": "e79d363049d1c2128f133a2667e4f4190904f7f4",
                "shasum": ""
            },
            "require": {
                "php": ">=5.3.3"
            },
            "suggest": {
                "ext-mbstring": "For best performance"
            },
            "type": "library",
            "extra": {
                "branch-alias": {
                    "dev-master": "1.3-dev"
                }
            },
            "autoload": {
                "psr-4": {
                    "Symfony\\Polyfill\\Mbstring\\": ""
                },
                "files": [
                    "bootstrap.php"
                ]
            },
            "notification-url": "https://packagist.org/downloads/",
            "license": [
                "MIT"
            ],
            "authors": [
                {
                    "name": "Nicolas Grekas",
                    "email": "p@tchwork.com"
                },
                {
                    "name": "Symfony Community",
                    "homepage": "https://symfony.com/contributors"
                }
            ],
            "description": "Symfony polyfill for the Mbstring extension",
            "homepage": "https://symfony.com",
            "keywords": [
                "compatibility",
                "mbstring",
                "polyfill",
                "portable",
                "shim"
            ],
            "time": "2016-11-14 01:06:16"
        },
        {
            "name": "symfony/process",
            "version": "v2.8.18",
            "source": {
                "type": "git",
                "url": "https://github.com/symfony/process.git",
                "reference": "41336b20b52f5fd5b42a227e394e673c8071118f"
            },
            "dist": {
                "type": "zip",
                "url": "https://api.github.com/repos/symfony/process/zipball/41336b20b52f5fd5b42a227e394e673c8071118f",
                "reference": "41336b20b52f5fd5b42a227e394e673c8071118f",
                "shasum": ""
            },
            "require": {
                "php": ">=5.3.9"
            },
            "type": "library",
            "extra": {
                "branch-alias": {
                    "dev-master": "2.8-dev"
                }
            },
            "autoload": {
                "psr-4": {
                    "Symfony\\Component\\Process\\": ""
                },
                "exclude-from-classmap": [
                    "/Tests/"
                ]
            },
            "notification-url": "https://packagist.org/downloads/",
            "license": [
                "MIT"
            ],
            "authors": [
                {
                    "name": "Fabien Potencier",
                    "email": "fabien@symfony.com"
                },
                {
                    "name": "Symfony Community",
                    "homepage": "https://symfony.com/contributors"
                }
            ],
            "description": "Symfony Process Component",
            "homepage": "https://symfony.com",
            "time": "2017-03-04 12:20:59"
        }
    ],
    "aliases": [],
    "minimum-stability": "stable",
    "stability-flags": {
        "owasp/csrf-protector-php": 20
    },
    "prefer-stable": false,
    "prefer-lowest": false,
    "platform": [],
    "platform-dev": []
}
